
Microsoft Visual Studio Solution File, Format Version 12.00
# Visual Studio Version 16
VisualStudioVersion = 16.0.30523.141
MinimumVisualStudioVersion = 10.0.40219.1
Project("{FAE04EC0-301F-11D3-BF4B-00C04F79EFBC}") = "Portafolio", "Portafolio\Portafolio.csproj", "{7C322241-26C3-449F-A768-28BA167190DD}"
EndProject
Project("{FAE04EC0-301F-11D3-BF4B-00C04F79EFBC}") = "BD", "BD\BD.csproj", "{6A7AB2F8-EBBB-43C5-B351-9A94005071FC}"
EndProject
Project("{FAE04EC0-301F-11D3-BF4B-00C04F79EFBC}") = "Clases", "Clases\Clases.csproj", "{0CF15489-2568-4788-B8A9-BECD649D3CF6}"
EndProject
Global
	GlobalSection(SolutionConfigurationPlatforms) = preSolution
		Debug|Any CPU = Debug|Any CPU
		Release|Any CPU = Release|Any CPU
	EndGlobalSection
	GlobalSection(ProjectConfigurationPlatforms) = postSolution
		{7C322241-26C3-449F-A768-28BA167190DD}.Debug|Any CPU.ActiveCfg = Debug|Any CPU
		{7C322241-26C3-449F-A768-28BA167190DD}.Debug|Any CPU.Build.0 = Debug|Any CPU
		{7C322241-26C3-449F-A768-28BA167190DD}.Release|Any CPU.ActiveCfg = Release|Any CPU
		{7C322241-26C3-449F-A768-28BA167190DD}.Release|Any CPU.Build.0 = Release|Any CPU
		{6A7AB2F8-EBBB-43C5-B351-9A94005071FC}.Debug|Any CPU.ActiveCfg = Debug|Any CPU
		{6A7AB2F8-EBBB-43C5-B351-9A94005071FC}.Debug|Any CPU.Build.0 = Debug|Any CPU
		{6A7AB2F8-EBBB-43C5-B351-9A94005071FC}.Release|Any CPU.ActiveCfg = Release|Any CPU
		{6A7AB2F8-EBBB-43C5-B351-9A94005071FC}.Release|Any CPU.Build.0 = Release|Any CPU
		{0CF15489-2568-4788-B8A9-BECD649D3CF6}.Debug|Any CPU.ActiveCfg = Debug|Any CPU
		{0CF15489-2568-4788-B8A9-BECD649D3CF6}.Debug|Any CPU.Build.0 = Debug|Any CPU
		{0CF15489-2568-4788-B8A9-BECD649D3CF6}.Release|Any CPU.ActiveCfg = Release|Any CPU
		{0CF15489-2568-4788-B8A9-BECD649D3CF6}.Release|Any CPU.Build.0 = Release|Any CPU
	EndGlobalSection
	GlobalSection(SolutionProperties) = preSolution
		HideSolutionNode = FALSE
	EndGlobalSection
	GlobalSection(ExtensibilityGlobals) = postSolution
		SolutionGuid = {CC99D26A-7EE4-4259-8C89-E0C4C1E3938C}
	EndGlobalSection
EndGlobal
